<Solution>
  <Folder Name="/Backend/">
    <Project Path="Backend/Ledgance.Api/Ledgance.Api.csproj" />
  </Folder>
  <Folder Name="/Backend/Modules/" />
  <Folder Name="/Backend/Modules/AI/">
    <Project Path="Backend/Modules/AI/Ledgance.AI.Application/Ledgance.AI.Application.csproj" />
    <Project Path="Backend/Modules/AI/Ledgance.AI.Infrastructure/Ledgance.AI.Infrastructure.csproj" />
  </Folder>
  <Folder Name="/Backend/Modules/Client/">
    <Project Path="Backend/Modules/Client/Ledgance.Client.Application/Ledgance.Client.Application.csproj" />
    <Project Path="Backend/Modules/Client/Ledgance.Client.Domain/Ledgance.Client.Domain.csproj" />
  </Folder>
  <Folder Name="/Backend/Modules/Organization/">
    <Project Path="Backend/Modules/Organization/Ledgance.Organization.Application/Ledgance.Organization.Application.csproj" />
    <Project Path="Backend/Modules/Organization/Ledgance.Organization.Domain/Ledgance.Organization.Domain.csproj" />
  </Folder>
  <Folder Name="/Backend/Modules/User/">
    <Project Path="Backend/Modules/User/Ledgance.User.Application/Ledgance.User.Application.csproj" />
    <Project Path="Backend/Modules/User/Ledgance.User.Domain/Ledgance.User.Domain.csproj" />
  </Folder>
  <Folder Name="/Backend/Shared/">
    <Project Path="Backend/Shared/Ledgance.Shared.Application/Ledgance.Shared.Application.csproj" />
    <Project Path="Backend/Shared/Ledgance.Shared.Infrastructure/Ledgance.Shared.Infrastructure.csproj" />
  </Folder>
</Solution>
