<Solution>
  <Folder Name="/Modules/" />
  <Folder Name="/Modules/Accounting/" />
  <Folder Name="/Modules/Accounting/AI/">
    <Project Path="Modules/Accounting/AI/Ledgance.Accounting.AI.Application/Ledgance.Accounting.AI.Application.csproj" />
    <Project Path="Modules/Accounting/AI/Ledgance.Accounting.AI.Domain/Ledgance.Accounting.AI.Domain.csproj" />
    <Project Path="Modules/Accounting/AI/Ledgance.Accounting.AI.Infrastructure/Ledgance.Accounting.AI.Infrastructure.csproj" />
  </Folder>
  <Folder Name="/Modules/Accounting/Client/">
    <Project Path="Modules/Accounting/Client/Ledgance.Accounting.Client.Application/Ledgance.Accounting.Client.Application.csproj" />
    <Project Path="Modules/Accounting/Client/Ledgance.Accounting.Client.Domain/Ledgance.Accounting.Client.Domain.csproj" />
  </Folder>
  <Folder Name="/Modules/Accounting/Organization/">
    <Project Path="Modules/Accounting/Organization/Ledgance.Accounting.Organization.Application/Ledgance.Accounting.Organization.Application.csproj" />
    <Project Path="Modules/Accounting/Organization/Ledgance.Accounting.Organization.Domain/Ledgance.Accounting.Organization.Domain.csproj" />
  </Folder>
  <Folder Name="/Modules/Accounting/User/">
    <Project Path="Modules/Accounting/User/Ledgance.Accounting.User.Application/Ledgance.Accounting.User.Application.csproj" />
    <Project Path="Modules/Accounting/User/Ledgance.Accounting.User.Domain/Ledgance.Accounting.User.Domain.csproj" />
  </Folder>
  <Folder Name="/Modules/Audit/" />
  <Folder Name="/Modules/Audit/AI/">
    <Project Path="Modules/Audit/AI/Ledgance.Audit.AI.Application/Ledgance.Audit.AI.Application.csproj" />
    <Project Path="Modules/Audit/AI/Ledgance.Audit.AI.Domain/Ledgance.Audit.AI.Domain.csproj" />
    <Project Path="Modules/Audit/AI/Ledgance.Audit.AI.Infrastructure/Ledgance.Audit.AI.Infrastructure.csproj" />
  </Folder>
  <Folder Name="/Modules/Audit/Client/">
    <Project Path="Modules/Audit/Client/Ledgance.Audit.Client.Application/Ledgance.Audit.Client.Application.csproj" />
    <Project Path="Modules/Audit/Client/Ledgance.Audit.Client.Domain/Ledgance.Audit.Client.Domain.csproj" />
    <Project Path="Modules/Audit/Client/Ledgance.Audit.Client.Infrastructure/Ledgance.Audit.Client.Infrastructure.csproj" />
  </Folder>
  <Folder Name="/Modules/Audit/Engagement/">
    <Project Path="Modules/Audit/Engagement/Ledgance.Audit.Engagement.Application/Ledgance.Audit.Engagement.Application.csproj" />
    <Project Path="Modules/Audit/Engagement/Ledgance.Audit.Engagement.Domain/Ledgance.Audit.Engagement.Domain.csproj" />
    <Project Path="Modules/Audit/Engagement/Ledgance.Audit.Engagement.Infrastructure/Ledgance.Audit.Engagement.Infrastructure.csproj" />
  </Folder>
  <Folder Name="/Modules/Audit/Organization/">
    <Project Path="Modules/Audit/Organization/Ledgance.Audit.Organization.Application/Ledgance.Audit.Organization.Application.csproj" />
    <Project Path="Modules/Audit/Organization/Ledgance.Audit.Organization.Domain/Ledgance.Audit.Organization.Domain.csproj" />
  </Folder>
  <Folder Name="/Modules/Audit/User/">
    <Project Path="Modules/Audit/User/Ledgance.Audit.User.Application/Ledgance.Audit.User.Application.csproj" />
    <Project Path="Modules/Audit/User/Ledgance.Audit.User.Domain/Ledgance.Audit.User.Domain.csproj" />
  </Folder>
  <Folder Name="/Shared/">
    <Project Path="Shared/Ledgance.Shared.Application/Ledgance.Shared.Application.csproj" />
    <Project Path="Shared/Ledgance.Shared.Infrastructure/Ledgance.Shared.Infrastructure.csproj" />
  </Folder>
  <Folder Name="/_Tests/">
    <Project Path="_Tests/Ledgance.Accounting.Unit.Tests/Ledgance.Accounting.Unit.Tests.csproj" />
    <Project Path="_Tests/Ledgance.Audit.Unit.Tests/Ledgance.Audit.Unit.Tests.csproj" />
    <Project Path="_Tests/Ledgance.Shared.Unit.Tests/Ledgance.Shared.Unit.Tests.csproj" />
    <Project Path="_Tests/Ledgance.TestInfrastructure/Ledgance.TestInfrastructure.csproj" />
  </Folder>
  <Project Path="Ledgance.Api/Ledgance.Api.csproj" Id="0e67ef63-5353-488d-92b6-5e466c1cdf45" />
</Solution>
